
Microsoft Visual Studio Solution File, Format Version 12.00
# Visual Studio Version 16
VisualStudioVersion = 16.0.29409.12
MinimumVisualStudioVersion = 10.0.40219.1
Project("{FAE04EC0-301F-11D3-BF4B-00C04F79EFBC}") = "InvokerGame", "InvokerGame.csproj", "{2A14D84A-695C-481D-AD3E-6ECCCAC518BC}"
EndProject
Global
	GlobalSection(SolutionConfigurationPlatforms) = preSolution
		Debug|Any CPU = Debug|Any CPU
		Release|Any CPU = Release|Any CPU
	EndGlobalSection
	GlobalSection(ProjectConfigurationPlatforms) = postSolution
		{2A14D84A-695C-481D-AD3E-6ECCCAC518BC}.Debug|Any CPU.ActiveCfg = Debug|Any CPU
		{2A14D84A-695C-481D-AD3E-6ECCCAC518BC}.Debug|Any CPU.Build.0 = Debug|Any CPU
		{2A14D84A-695C-481D-AD3E-6ECCCAC518BC}.Release|Any CPU.ActiveCfg = Release|Any CPU
		{2A14D84A-695C-481D-AD3E-6ECCCAC518BC}.Release|Any CPU.Build.0 = Release|Any CPU
	EndGlobalSection
	GlobalSection(SolutionProperties) = preSolution
		HideSolutionNode = FALSE
	EndGlobalSection
	GlobalSection(ExtensibilityGlobals) = postSolution
		SolutionGuid = {9E9C34A3-DE1B-499D-A1CF-39AF8F985ED0}
	EndGlobalSection
EndGlobal
